
Microsoft Visual Studio Solution File, Format Version 12.00
# Visual Studio 14
VisualStudioVersion = 14.0.25123.0
MinimumVisualStudioVersion = 10.0.40219.1
Project("{FAE04EC0-301F-11D3-BF4B-00C04F79EFBC}") = "AAIV-WEB", "AAIV-WEB\AAIV-WEB.csproj", "{00351D50-CDB1-4945-A038-8C12B9631417}"
EndProject
<<<<<<< HEAD
Project("{FAE04EC0-301F-11D3-BF4B-00C04F79EFBC}") = "AAIV-CONSOLE", "AAIV-CONSOLE\AAIV-CONSOLE.csproj", "{188975C1-BEB5-4F02-8E2E-6E72182A146D}"
EndProject
=======
>>>>>>> 1028ae3204bddbecfb21c6f53577d555037248cd
Global
	GlobalSection(SolutionConfigurationPlatforms) = preSolution
		Debug|Any CPU = Debug|Any CPU
		Release|Any CPU = Release|Any CPU
	EndGlobalSection
	GlobalSection(ProjectConfigurationPlatforms) = postSolution
		{00351D50-CDB1-4945-A038-8C12B9631417}.Debug|Any CPU.ActiveCfg = Debug|Any CPU
		{00351D50-CDB1-4945-A038-8C12B9631417}.Debug|Any CPU.Build.0 = Debug|Any CPU
		{00351D50-CDB1-4945-A038-8C12B9631417}.Release|Any CPU.ActiveCfg = Release|Any CPU
		{00351D50-CDB1-4945-A038-8C12B9631417}.Release|Any CPU.Build.0 = Release|Any CPU
<<<<<<< HEAD
		{188975C1-BEB5-4F02-8E2E-6E72182A146D}.Debug|Any CPU.ActiveCfg = Debug|Any CPU
		{188975C1-BEB5-4F02-8E2E-6E72182A146D}.Debug|Any CPU.Build.0 = Debug|Any CPU
		{188975C1-BEB5-4F02-8E2E-6E72182A146D}.Release|Any CPU.ActiveCfg = Release|Any CPU
		{188975C1-BEB5-4F02-8E2E-6E72182A146D}.Release|Any CPU.Build.0 = Release|Any CPU
=======
>>>>>>> 1028ae3204bddbecfb21c6f53577d555037248cd
	EndGlobalSection
	GlobalSection(SolutionProperties) = preSolution
		HideSolutionNode = FALSE
	EndGlobalSection
EndGlobal
